{
  "lockfile_version": "1",
  "packages": {
    "cargo": {
      "resolved": "github:NixOS/nixpkgs/f9d8b65950353691ab56561e7c73d2e1063d810b#cargo",
      "source": "nixpkg"
    },
    "cargo-audit": {
      "resolved": "github:NixOS/nixpkgs/f9d8b65950353691ab56561e7c73d2e1063d810b#cargo-audit",
      "source": "nixpkg"
    },
    "cargo-tarpaulin": {
      "resolved": "github:NixOS/nixpkgs/f9d8b65950353691ab56561e7c73d2e1063d810b#cargo-tarpaulin",
      "source": "nixpkg"
    },
    "cargo-watch": {
      "resolved": "github:NixOS/nixpkgs/f9d8b65950353691ab56561e7c73d2e1063d810b#cargo-watch",
      "source": "nixpkg"
    },
    "clippy": {
      "resolved": "github:NixOS/nixpkgs/f9d8b65950353691ab56561e7c73d2e1063d810b#clippy",
      "source": "nixpkg"
    },
    "github:NixOS/nixpkgs/nixpkgs-unstable": {
      "last_modified": "2026-05-25T07:42:19Z",
      "resolved": "github:NixOS/nixpkgs/f9d8b65950353691ab56561e7c73d2e1063d810b?lastModified=1779694939"
    },
    "github:levonk/levonk-packages#bundle-rtk-cloud": {
      "last_modified": "2026-06-27T16:54:13Z",
      "resolved": "github:levonk/levonk-packages/2899d4e3dc0d397f16feb3765566ee03f9cce374?lastModified=1782579253#bundle-rtk-cloud"
    },
    "github:levonk/levonk-packages#bundle-rtk-core": {
      "last_modified": "2026-06-27T16:54:13Z",
      "resolved": "github:levonk/levonk-packages/2899d4e3dc0d397f16feb3765566ee03f9cce374?lastModified=1782579253#bundle-rtk-core"
    },
    "github:levonk/levonk-packages#devbox-rtk-nodejs-pnpm-force": {
      "last_modified": "2026-06-27T16:54:13Z",
      "resolved": "github:levonk/levonk-packages/2899d4e3dc0d397f16feb3765566ee03f9cce374?lastModified=1782579253#devbox-rtk-nodejs-pnpm-force"
    },
    "github:levonk/levonk-packages#devbox-rtk-python-uv-force": {
      "last_modified": "2026-06-27T16:54:13Z",
      "resolved": "github:levonk/levonk-packages/2899d4e3dc0d397f16feb3765566ee03f9cce374?lastModified=1782579253#devbox-rtk-python-uv-force"
    },
    "github:levonk/smartfo": {
      "last_modified": "2026-06-28T08:04:42Z",
      "resolved": "github:levonk/smartfo/19d12350c0d2a64bf776b67b2a9362129a7042fd?lastModified=1782633882"
    },
    "just": {
      "resolved": "github:NixOS/nixpkgs/f9d8b65950353691ab56561e7c73d2e1063d810b#just",
      "source": "nixpkg"
    },
    "pkg-config": {
      "resolved": "github:NixOS/nixpkgs/f9d8b65950353691ab56561e7c73d2e1063d810b#pkg-config",
      "source": "nixpkg"
    },
    "rust-analyzer": {
      "resolved": "github:NixOS/nixpkgs/f9d8b65950353691ab56561e7c73d2e1063d810b#rust-analyzer",
      "source": "nixpkg"
    },
    "rustc": {
      "plugin_version": "0.0.1",
      "resolved": "github:NixOS/nixpkgs/f9d8b65950353691ab56561e7c73d2e1063d810b#rustc",
      "source": "nixpkg"
    },
    "rustfmt": {
      "resolved": "github:NixOS/nixpkgs/f9d8b65950353691ab56561e7c73d2e1063d810b#rustfmt",
      "source": "nixpkg"
    }
  }
}
